
Microsoft Visual Studio Solution File, Format Version 12.00
# Visual Studio Version 17
VisualStudioVersion = 17.1.32210.238
MinimumVisualStudioVersion = 10.0.40219.1
Project("{9A19103F-16F7-4668-BE54-9A1E7A4F7556}") = "Agap2it.Labs.RestaurantManager.Data", "Agap2it.Labs.RestaurantManager.Data\Agap2it.Labs.RestaurantManager.Data.csproj", "{1B02DB8B-63C8-46C1-903F-28D515F95BB3}"
EndProject
Project("{9A19103F-16F7-4668-BE54-9A1E7A4F7556}") = "Terminal", "Terminal\Terminal.csproj", "{EB48FF24-F6DD-4F95-A7C4-25C8E38C4AC4}"
EndProject
Project("{FAE04EC0-301F-11D3-BF4B-00C04F79EFBC}") = "Agap2it.Labs.RestaurantManager.DataAccess", "Agap2it.Labs.RestaurantManager.DataAccess\Agap2it.Labs.RestaurantManager.DataAccess.csproj", "{A0E9970A-12C8-4D22-9BCD-4F630FB21EEF}"
EndProject
Global
	GlobalSection(SolutionConfigurationPlatforms) = preSolution
		Debug|Any CPU = Debug|Any CPU
		Release|Any CPU = Release|Any CPU
	EndGlobalSection
	GlobalSection(ProjectConfigurationPlatforms) = postSolution
		{1B02DB8B-63C8-46C1-903F-28D515F95BB3}.Debug|Any CPU.ActiveCfg = Debug|Any CPU
		{1B02DB8B-63C8-46C1-903F-28D515F95BB3}.Debug|Any CPU.Build.0 = Debug|Any CPU
		{1B02DB8B-63C8-46C1-903F-28D515F95BB3}.Release|Any CPU.ActiveCfg = Release|Any CPU
		{1B02DB8B-63C8-46C1-903F-28D515F95BB3}.Release|Any CPU.Build.0 = Release|Any CPU
		{EB48FF24-F6DD-4F95-A7C4-25C8E38C4AC4}.Debug|Any CPU.ActiveCfg = Debug|Any CPU
		{EB48FF24-F6DD-4F95-A7C4-25C8E38C4AC4}.Debug|Any CPU.Build.0 = Debug|Any CPU
		{EB48FF24-F6DD-4F95-A7C4-25C8E38C4AC4}.Release|Any CPU.ActiveCfg = Release|Any CPU
		{EB48FF24-F6DD-4F95-A7C4-25C8E38C4AC4}.Release|Any CPU.Build.0 = Release|Any CPU
		{A0E9970A-12C8-4D22-9BCD-4F630FB21EEF}.Debug|Any CPU.ActiveCfg = Debug|Any CPU
		{A0E9970A-12C8-4D22-9BCD-4F630FB21EEF}.Debug|Any CPU.Build.0 = Debug|Any CPU
		{A0E9970A-12C8-4D22-9BCD-4F630FB21EEF}.Release|Any CPU.ActiveCfg = Release|Any CPU
		{A0E9970A-12C8-4D22-9BCD-4F630FB21EEF}.Release|Any CPU.Build.0 = Release|Any CPU
	EndGlobalSection
	GlobalSection(SolutionProperties) = preSolution
		HideSolutionNode = FALSE
	EndGlobalSection
	GlobalSection(ExtensibilityGlobals) = postSolution
		SolutionGuid = {C8200100-B099-40E3-9182-F3FCEF6AF39B}
	EndGlobalSection
EndGlobal
